
Microsoft Visual Studio Solution File, Format Version 12.00
# Visual Studio Version 17
VisualStudioVersion = 17.6.33723.286
MinimumVisualStudioVersion = 10.0.40219.1
Project("{FAE04EC0-301F-11D3-BF4B-00C04F79EFBC}") = "TareasMVC", "TareasMVC.csproj", "{F7E42D79-39C4-46D3-BFA7-CCE1A9DDB877}"
EndProject
Global
	GlobalSection(SolutionConfigurationPlatforms) = preSolution
		Debug|Any CPU = Debug|Any CPU
		Release|Any CPU = Release|Any CPU
	EndGlobalSection
	GlobalSection(ProjectConfigurationPlatforms) = postSolution
		{F7E42D79-39C4-46D3-BFA7-CCE1A9DDB877}.Debug|Any CPU.ActiveCfg = Debug|Any CPU
		{F7E42D79-39C4-46D3-BFA7-CCE1A9DDB877}.Debug|Any CPU.Build.0 = Debug|Any CPU
		{F7E42D79-39C4-46D3-BFA7-CCE1A9DDB877}.Release|Any CPU.ActiveCfg = Release|Any CPU
		{F7E42D79-39C4-46D3-BFA7-CCE1A9DDB877}.Release|Any CPU.Build.0 = Release|Any CPU
	EndGlobalSection
	GlobalSection(SolutionProperties) = preSolution
		HideSolutionNode = FALSE
	EndGlobalSection
	GlobalSection(ExtensibilityGlobals) = postSolution
		SolutionGuid = {4A952546-8F7D-4A65-B71E-3E42402BD48D}
	EndGlobalSection
EndGlobal
